
Microsoft Visual Studio Solution File, Format Version 12.00
# Visual Studio Version 17
VisualStudioVersion = 17.4.33403.182
MinimumVisualStudioVersion = 10.0.40219.1
Project("{9A19103F-16F7-4668-BE54-9A1E7A4F7556}") = "EmployeeManagement.Api", "EmployeeManagement.Api\EmployeeManagement.Api.csproj", "{DC14F8D8-9C54-4ECB-AEB4-9B0C9CD99ECD}"
EndProject
Project("{FAE04EC0-301F-11D3-BF4B-00C04F79EFBC}") = "EmployeeManagement.UI", "EmployeeManagement.UI\EmployeeManagement.UI.csproj", "{508BFE22-1985-4D09-9882-CF443F70ECEE}"
EndProject
Global
	GlobalSection(SolutionConfigurationPlatforms) = preSolution
		Debug|Any CPU = Debug|Any CPU
		Release|Any CPU = Release|Any CPU
	EndGlobalSection
	GlobalSection(ProjectConfigurationPlatforms) = postSolution
		{DC14F8D8-9C54-4ECB-AEB4-9B0C9CD99ECD}.Debug|Any CPU.ActiveCfg = Debug|Any CPU
		{DC14F8D8-9C54-4ECB-AEB4-9B0C9CD99ECD}.Debug|Any CPU.Build.0 = Debug|Any CPU
		{DC14F8D8-9C54-4ECB-AEB4-9B0C9CD99ECD}.Release|Any CPU.ActiveCfg = Release|Any CPU
		{DC14F8D8-9C54-4ECB-AEB4-9B0C9CD99ECD}.Release|Any CPU.Build.0 = Release|Any CPU
		{508BFE22-1985-4D09-9882-CF443F70ECEE}.Debug|Any CPU.ActiveCfg = Debug|Any CPU
		{508BFE22-1985-4D09-9882-CF443F70ECEE}.Debug|Any CPU.Build.0 = Debug|Any CPU
		{508BFE22-1985-4D09-9882-CF443F70ECEE}.Release|Any CPU.ActiveCfg = Release|Any CPU
		{508BFE22-1985-4D09-9882-CF443F70ECEE}.Release|Any CPU.Build.0 = Release|Any CPU
	EndGlobalSection
	GlobalSection(SolutionProperties) = preSolution
		HideSolutionNode = FALSE
	EndGlobalSection
	GlobalSection(ExtensibilityGlobals) = postSolution
		SolutionGuid = {C67D8886-1C91-4047-942E-1CB2072B9963}
	EndGlobalSection
EndGlobal
